
Microsoft Visual Studio Solution File, Format Version 12.00
# Visual Studio Version 16
VisualStudioVersion = 16.0.31624.102
MinimumVisualStudioVersion = 10.0.40219.1
Project("{2150E333-8FDC-42A3-9474-1A3956D46DE8}") = "ArcDrawingSamples", "ArcDrawingSamples", "{CED30317-01E6-49B7-A44D-245E43AC22F8}"
EndProject
Project("{FAE04EC0-301F-11D3-BF4B-00C04F79EFBC}") = "ArcDrawing001", "ArcDrawingSamples\ArcDrawing001\ArcDrawing001.csproj", "{B1C20828-D7F6-44A0-89F3-EEA2790DC7C7}"
EndProject
Project("{FAE04EC0-301F-11D3-BF4B-00C04F79EFBC}") = "ArcDrawing002", "ArcDrawingSamples\ArcDrawing002\ArcDrawing002.csproj", "{9519C6F5-59FF-4E93-90AD-4AFF50668FE7}"
EndProject
Global
	GlobalSection(SolutionConfigurationPlatforms) = preSolution
		Debug|Any CPU = Debug|Any CPU
		Release|Any CPU = Release|Any CPU
	EndGlobalSection
	GlobalSection(ProjectConfigurationPlatforms) = postSolution
		{B1C20828-D7F6-44A0-89F3-EEA2790DC7C7}.Debug|Any CPU.ActiveCfg = Debug|Any CPU
		{B1C20828-D7F6-44A0-89F3-EEA2790DC7C7}.Debug|Any CPU.Build.0 = Debug|Any CPU
		{B1C20828-D7F6-44A0-89F3-EEA2790DC7C7}.Release|Any CPU.ActiveCfg = Release|Any CPU
		{B1C20828-D7F6-44A0-89F3-EEA2790DC7C7}.Release|Any CPU.Build.0 = Release|Any CPU
		{9519C6F5-59FF-4E93-90AD-4AFF50668FE7}.Debug|Any CPU.ActiveCfg = Debug|Any CPU
		{9519C6F5-59FF-4E93-90AD-4AFF50668FE7}.Debug|Any CPU.Build.0 = Debug|Any CPU
		{9519C6F5-59FF-4E93-90AD-4AFF50668FE7}.Release|Any CPU.ActiveCfg = Release|Any CPU
		{9519C6F5-59FF-4E93-90AD-4AFF50668FE7}.Release|Any CPU.Build.0 = Release|Any CPU
	EndGlobalSection
	GlobalSection(SolutionProperties) = preSolution
		HideSolutionNode = FALSE
	EndGlobalSection
	GlobalSection(NestedProjects) = preSolution
		{B1C20828-D7F6-44A0-89F3-EEA2790DC7C7} = {CED30317-01E6-49B7-A44D-245E43AC22F8}
		{9519C6F5-59FF-4E93-90AD-4AFF50668FE7} = {CED30317-01E6-49B7-A44D-245E43AC22F8}
	EndGlobalSection
	GlobalSection(ExtensibilityGlobals) = postSolution
		SolutionGuid = {E3EB73C1-2655-454E-BF36-27DD7ACEF2ED}
	EndGlobalSection
EndGlobal
